
Microsoft Visual Studio Solution File, Format Version 12.00
# Visual Studio Version 16
VisualStudioVersion = 16.0.30114.105
MinimumVisualStudioVersion = 10.0.40219.1
Project("{2150E333-8FDC-42A3-9474-1A3956D46DE8}") = "src", "src", "{98A25C60-67D3-41FF-BFA4-FD275D9A939C}"
EndProject
Project("{FAE04EC0-301F-11D3-BF4B-00C04F79EFBC}") = "Battleships", "src\Battleships\Battleships.csproj", "{9E2E7F4C-05B5-4562-9046-24B456883308}"
EndProject
Project("{2150E333-8FDC-42A3-9474-1A3956D46DE8}") = "test", "test", "{DA8A099A-622C-4CC0-9F06-F53629C7C356}"
EndProject
Project("{FAE04EC0-301F-11D3-BF4B-00C04F79EFBC}") = "Battleships.Domain", "test\Battleships.Domain\Battleships.Domain.csproj", "{EFC548ED-1AD3-410D-814C-D94C5FF0104C}"
EndProject
Global
	GlobalSection(SolutionConfigurationPlatforms) = preSolution
		Debug|Any CPU = Debug|Any CPU
		Release|Any CPU = Release|Any CPU
	EndGlobalSection
	GlobalSection(SolutionProperties) = preSolution
		HideSolutionNode = FALSE
	EndGlobalSection
	GlobalSection(ProjectConfigurationPlatforms) = postSolution
		{9E2E7F4C-05B5-4562-9046-24B456883308}.Debug|Any CPU.ActiveCfg = Debug|Any CPU
		{9E2E7F4C-05B5-4562-9046-24B456883308}.Debug|Any CPU.Build.0 = Debug|Any CPU
		{9E2E7F4C-05B5-4562-9046-24B456883308}.Release|Any CPU.ActiveCfg = Release|Any CPU
		{9E2E7F4C-05B5-4562-9046-24B456883308}.Release|Any CPU.Build.0 = Release|Any CPU
		{EFC548ED-1AD3-410D-814C-D94C5FF0104C}.Debug|Any CPU.ActiveCfg = Debug|Any CPU
		{EFC548ED-1AD3-410D-814C-D94C5FF0104C}.Debug|Any CPU.Build.0 = Debug|Any CPU
		{EFC548ED-1AD3-410D-814C-D94C5FF0104C}.Release|Any CPU.ActiveCfg = Release|Any CPU
		{EFC548ED-1AD3-410D-814C-D94C5FF0104C}.Release|Any CPU.Build.0 = Release|Any CPU
	EndGlobalSection
	GlobalSection(NestedProjects) = preSolution
		{9E2E7F4C-05B5-4562-9046-24B456883308} = {98A25C60-67D3-41FF-BFA4-FD275D9A939C}
		{EFC548ED-1AD3-410D-814C-D94C5FF0104C} = {DA8A099A-622C-4CC0-9F06-F53629C7C356}
	EndGlobalSection
EndGlobal
